// !$*UTF8*$!
{
	archiveVersion = 1;
	classes = {
	};
	objectVersion = 56;
	objects = {

/* Begin PBXBuildFile section */
		3D2282982A01564A00146B4B /* iMessageCloneApp.swift in Sources */ = {isa = PBXBuildFile; fileRef = 3D2282972A01564A00146B4B /* iMessageCloneApp.swift */; };
		3D22829A2A01564A00146B4B /* ContentView.swift in Sources */ = {isa = PBXBuildFile; fileRef = 3D2282992A01564A00146B4B /* ContentView.swift */; };
		3D22829C2A01564B00146B4B /* Assets.xcassets in Resources */ = {isa = PBXBuildFile; fileRef = 3D22829B2A01564B00146B4B /* Assets.xcassets */; };
		3D22829F2A01564B00146B4B /* Preview Assets.xcassets in Resources */ = {isa = PBXBuildFile; fileRef = 3D22829E2A01564B00146B4B /* Preview Assets.xcassets */; };
		3D2282A72A01587E00146B4B /* StreamChatSwiftUI in Frameworks */ = {isa = PBXBuildFile; productRef = 3D2282A62A01587E00146B4B /* StreamChatSwiftUI */; };
		3D2282A92A02715D00146B4B /* AppDelegate.swift in Sources */ = {isa = PBXBuildFile; fileRef = 3D2282A82A02715D00146B4B /* AppDelegate.swift */; };
		3D2282AB2A02729F00146B4B /* iMessageViewFactory.swift in Sources */ = {isa = PBXBuildFile; fileRef = 3D2282AA2A02729F00146B4B /* iMessageViewFactory.swift */; };
		3D2282AD2A04E08300146B4B /* iMessageChannelListHeader.swift in Sources */ = {isa = PBXBuildFile; fileRef = 3D2282AC2A04E08300146B4B /* iMessageChannelListHeader.swift */; };
		3D2282B02A04E2DA00146B4B /* iMessageChannelListHeaderModifier.swift in Sources */ = {isa = PBXBuildFile; fileRef = 3D2282AF2A04E2DA00146B4B /* iMessageChannelListHeaderModifier.swift */; };
		3D2282B22A04F53F00146B4B /* iMessageChannelListItemView.swift in Sources */ = {isa = PBXBuildFile; fileRef = 3D2282B12A04F53F00146B4B /* iMessageChannelListItemView.swift */; };
		3D2282B42A0511C800146B4B /* iMessageChannelListItem.swift in Sources */ = {isa = PBXBuildFile; fileRef = 3D2282B32A0511C800146B4B /* iMessageChannelListItem.swift */; };
		3D63FCC42A09051600A69CD2 /* LeadingSwipeAreaView.swift in Sources */ = {isa = PBXBuildFile; fileRef = 3D63FCC32A09051600A69CD2 /* LeadingSwipeAreaView.swift */; };
		3D63FCC62A0905E600A69CD2 /* TrailingSwipeAreaView.swift in Sources */ = {isa = PBXBuildFile; fileRef = 3D63FCC52A0905E600A69CD2 /* TrailingSwipeAreaView.swift */; };
/* End PBXBuildFile section */

/* Begin PBXFileReference section */
		3D2282942A01564A00146B4B /* iMessageClone.app */ = {isa = PBXFileReference; explicitFileType = wrapper.application; includeInIndex = 0; path = iMessageClone.app; sourceTree = BUILT_PRODUCTS_DIR; };
		3D2282972A01564A00146B4B /* iMessageCloneApp.swift */ = {isa = PBXFileReference; lastKnownFileType = sourcecode.swift; path = iMessageCloneApp.swift; sourceTree = "<group>"; };
		3D2282992A01564A00146B4B /* ContentView.swift */ = {isa = PBXFileReference; lastKnownFileType = sourcecode.swift; path = ContentView.swift; sourceTree = "<group>"; };
		3D22829B2A01564B00146B4B /* Assets.xcassets */ = {isa = PBXFileReference; lastKnownFileType = folder.assetcatalog; path = Assets.xcassets; sourceTree = "<group>"; };
		3D22829E2A01564B00146B4B /* Preview Assets.xcassets */ = {isa = PBXFileReference; lastKnownFileType = folder.assetcatalog; path = "Preview Assets.xcassets"; sourceTree = "<group>"; };
		3D2282A82A02715D00146B4B /* AppDelegate.swift */ = {isa = PBXFileReference; lastKnownFileType = sourcecode.swift; path = AppDelegate.swift; sourceTree = "<group>"; };
		3D2282AA2A02729F00146B4B /* iMessageViewFactory.swift */ = {isa = PBXFileReference; lastKnownFileType = sourcecode.swift; path = iMessageViewFactory.swift; sourceTree = "<group>"; };
		3D2282AC2A04E08300146B4B /* iMessageChannelListHeader.swift */ = {isa = PBXFileReference; lastKnownFileType = sourcecode.swift; path = iMessageChannelListHeader.swift; sourceTree = "<group>"; };
		3D2282AF2A04E2DA00146B4B /* iMessageChannelListHeaderModifier.swift */ = {isa = PBXFileReference; lastKnownFileType = sourcecode.swift; path = iMessageChannelListHeaderModifier.swift; sourceTree = "<group>"; };
		3D2282B12A04F53F00146B4B /* iMessageChannelListItemView.swift */ = {isa = PBXFileReference; lastKnownFileType = sourcecode.swift; path = iMessageChannelListItemView.swift; sourceTree = "<group>"; };
		3D2282B32A0511C800146B4B /* iMessageChannelListItem.swift */ = {isa = PBXFileReference; lastKnownFileType = sourcecode.swift; path = iMessageChannelListItem.swift; sourceTree = "<group>"; };
		3D63FCC32A09051600A69CD2 /* LeadingSwipeAreaView.swift */ = {isa = PBXFileReference; lastKnownFileType = sourcecode.swift; path = LeadingSwipeAreaView.swift; sourceTree = "<group>"; };
		3D63FCC52A0905E600A69CD2 /* TrailingSwipeAreaView.swift */ = {isa = PBXFileReference; lastKnownFileType = sourcecode.swift; path = TrailingSwipeAreaView.swift; sourceTree = "<group>"; };
/* End PBXFileReference section */

/* Begin PBXFrameworksBuildPhase section */
		3D2282912A01564A00146B4B /* Frameworks */ = {
			isa = PBXFrameworksBuildPhase;
			buildActionMask = 2147483647;
			files = (
				3D2282A72A01587E00146B4B /* StreamChatSwiftUI in Frameworks */,
			);
			runOnlyForDeploymentPostprocessing = 0;
		};
/* End PBXFrameworksBuildPhase section */

/* Begin PBXGroup section */
		3D22828B2A01564A00146B4B = {
			isa = PBXGroup;
			children = (
				3D2282962A01564A00146B4B /* iMessageClone */,
				3D2282952A01564A00146B4B /* Products */,
			);
			sourceTree = "<group>";
		};
		3D2282952A01564A00146B4B /* Products */ = {
			isa = PBXGroup;
			children = (
				3D2282942A01564A00146B4B /* iMessageClone.app */,
			);
			name = Products;
			sourceTree = "<group>";
		};
		3D2282962A01564A00146B4B /* iMessageClone */ = {
			isa = PBXGroup;
			children = (
				3D2282A82A02715D00146B4B /* AppDelegate.swift */,
				3D2282AA2A02729F00146B4B /* iMessageViewFactory.swift */,
				3D2282972A01564A00146B4B /* iMessageCloneApp.swift */,
				3D2282992A01564A00146B4B /* ContentView.swift */,
				3D22829B2A01564B00146B4B /* Assets.xcassets */,
				3D22829D2A01564B00146B4B /* Preview Content */,
				3D2282AC2A04E08300146B4B /* iMessageChannelListHeader.swift */,
				3D2282AF2A04E2DA00146B4B /* iMessageChannelListHeaderModifier.swift */,
				3D2282B12A04F53F00146B4B /* iMessageChannelListItemView.swift */,
				3D2282B32A0511C800146B4B /* iMessageChannelListItem.swift */,
				3D63FCC32A09051600A69CD2 /* LeadingSwipeAreaView.swift */,
				3D63FCC52A0905E600A69CD2 /* TrailingSwipeAreaView.swift */,
			);
			path = iMessageClone;
			sourceTree = "<group>";
		};
		3D22829D2A01564B00146B4B /* Preview Content */ = {
			isa = PBXGroup;
			children = (
				3D22829E2A01564B00146B4B /* Preview Assets.xcassets */,
			);
			path = "Preview Content";
			sourceTree = "<group>";
		};
/* End PBXGroup section */

/* Begin PBXNativeTarget section */
		3D2282932A01564A00146B4B /* iMessageClone */ = {
			isa = PBXNativeTarget;
			buildConfigurationList = 3D2282A22A01564B00146B4B /* Build configuration list for PBXNativeTarget "iMessageClone" */;
			buildPhases = (
				3D2282902A01564A00146B4B /* Sources */,
				3D2282912A01564A00146B4B /* Frameworks */,
				3D2282922A01564A00146B4B /* Resources */,
			);
			buildRules = (
			);
			dependencies = (
			);
			name = iMessageClone;
			packageProductDependencies = (
				3D2282A62A01587E00146B4B /* StreamChatSwiftUI */,
			);
			productName = iMessageClone;
			productReference = 3D2282942A01564A00146B4B /* iMessageClone.app */;
			productType = "com.apple.product-type.application";
		};
/* End PBXNativeTarget section */

/* Begin PBXProject section */
		3D22828C2A01564A00146B4B /* Project object */ = {
			isa = PBXProject;
			attributes = {
				BuildIndependentTargetsInParallel = 1;
				LastSwiftUpdateCheck = 1430;
				LastUpgradeCheck = 1430;
				TargetAttributes = {
					3D2282932A01564A00146B4B = {
						CreatedOnToolsVersion = 14.3;
					};
				};
			};
			buildConfigurationList = 3D22828F2A01564A00146B4B /* Build configuration list for PBXProject "iMessageClone" */;
			compatibilityVersion = "Xcode 14.0";
			developmentRegion = en;
			hasScannedForEncodings = 0;
			knownRegions = (
				en,
				Base,
			);
			mainGroup = 3D22828B2A01564A00146B4B;
			packageReferences = (
				3D2282A52A01587E00146B4B /* XCRemoteSwiftPackageReference "stream-chat-swiftui" */,
			);
			productRefGroup = 3D2282952A01564A00146B4B /* Products */;
			projectDirPath = "";
			projectRoot = "";
			targets = (
				3D2282932A01564A00146B4B /* iMessageClone */,
			);
		};
/* End PBXProject section */

/* Begin PBXResourcesBuildPhase section */
		3D2282922A01564A00146B4B /* Resources */ = {
			isa = PBXResourcesBuildPhase;
			buildActionMask = 2147483647;
			files = (
				3D22829F2A01564B00146B4B /* Preview Assets.xcassets in Resources */,
				3D22829C2A01564B00146B4B /* Assets.xcassets in Resources */,
			);
			runOnlyForDeploymentPostprocessing = 0;
		};
/* End PBXResourcesBuildPhase section */

/* Begin PBXSourcesBuildPhase section */
		3D2282902A01564A00146B4B /* Sources */ = {
			isa = PBXSourcesBuildPhase;
			buildActionMask = 2147483647;
			files = (
				3D63FCC42A09051600A69CD2 /* LeadingSwipeAreaView.swift in Sources */,
				3D2282A92A02715D00146B4B /* AppDelegate.swift in Sources */,
				3D63FCC62A0905E600A69CD2 /* TrailingSwipeAreaView.swift in Sources */,
				3D2282AB2A02729F00146B4B /* iMessageViewFactory.swift in Sources */,
				3D2282B42A0511C800146B4B /* iMessageChannelListItem.swift in Sources */,
				3D22829A2A01564A00146B4B /* ContentView.swift in Sources */,
				3D2282B22A04F53F00146B4B /* iMessageChannelListItemView.swift in Sources */,
				3D2282982A01564A00146B4B /* iMessageCloneApp.swift in Sources */,
				3D2282AD2A04E08300146B4B /* iMessageChannelListHeader.swift in Sources */,
				3D2282B02A04E2DA00146B4B /* iMessageChannelListHeaderModifier.swift in Sources */,
			);
			runOnlyForDeploymentPostprocessing = 0;
		};
/* End PBXSourcesBuildPhase section */

/* Begin XCBuildConfiguration section */
		3D2282A02A01564B00146B4B /* Debug */ = {
			isa = XCBuildConfiguration;
			buildSettings = {
				ALWAYS_SEARCH_USER_PATHS = NO;
				CLANG_ANALYZER_NONNULL = YES;
				CLANG_ANALYZER_NUMBER_OBJECT_CONVERSION = YES_AGGRESSIVE;
				CLANG_CXX_LANGUAGE_STANDARD = "gnu++20";
				CLANG_ENABLE_MODULES = YES;
				CLANG_ENABLE_OBJC_ARC = YES;
				CLANG_ENABLE_OBJC_WEAK = YES;
				CLANG_WARN_BLOCK_CAPTURE_AUTORELEASING = YES;
				CLANG_WARN_BOOL_CONVERSION = YES;
				CLANG_WARN_COMMA = YES;
				CLANG_WARN_CONSTANT_CONVERSION = YES;
				CLANG_WARN_DEPRECATED_OBJC_IMPLEMENTATIONS = YES;
				CLANG_WARN_DIRECT_OBJC_ISA_USAGE = YES_ERROR;
				CLANG_WARN_DOCUMENTATION_COMMENTS = YES;
				CLANG_WARN_EMPTY_BODY = YES;
				CLANG_WARN_ENUM_CONVERSION = YES;
				CLANG_WARN_INFINITE_RECURSION = YES;
				CLANG_WARN_INT_CONVERSION = YES;
				CLANG_WARN_NON_LITERAL_NULL_CONVERSION = YES;
				CLANG_WARN_OBJC_IMPLICIT_RETAIN_SELF = YES;
				CLANG_WARN_OBJC_LITERAL_CONVERSION = YES;
				CLANG_WARN_OBJC_ROOT_CLASS = YES_ERROR;
				CLANG_WARN_QUOTED_INCLUDE_IN_FRAMEWORK_HEADER = YES;
				CLANG_WARN_RANGE_LOOP_ANALYSIS = YES;
				CLANG_WARN_STRICT_PROTOTYPES = YES;
				CLANG_WARN_SUSPICIOUS_MOVE = YES;
				CLANG_WARN_UNGUARDED_AVAILABILITY = YES_AGGRESSIVE;
				CLANG_WARN_UNREACHABLE_CODE = YES;
				CLANG_WARN__DUPLICATE_METHOD_MATCH = YES;
				COPY_PHASE_STRIP = NO;
				DEBUG_INFORMATION_FORMAT = dwarf;
				ENABLE_STRICT_OBJC_MSGSEND = YES;
				ENABLE_TESTABILITY = YES;
				GCC_C_LANGUAGE_STANDARD = gnu11;
				GCC_DYNAMIC_NO_PIC = NO;
				GCC_NO_COMMON_BLOCKS = YES;
				GCC_OPTIMIZATION_LEVEL = 0;
				GCC_PREPROCESSOR_DEFINITIONS = (
					"DEBUG=1",
					"$(inherited)",
				);
				GCC_WARN_64_TO_32_BIT_CONVERSION = YES;
				GCC_WARN_ABOUT_RETURN_TYPE = YES_ERROR;
				GCC_WARN_UNDECLARED_SELECTOR = YES;
				GCC_WARN_UNINITIALIZED_AUTOS = YES_AGGRESSIVE;
				GCC_WARN_UNUSED_FUNCTION = YES;
				GCC_WARN_UNUSED_VARIABLE = YES;
				IPHONEOS_DEPLOYMENT_TARGET = 16.4;
				MTL_ENABLE_DEBUG_INFO = INCLUDE_SOURCE;
				MTL_FAST_MATH = YES;
				ONLY_ACTIVE_ARCH = YES;
				SDKROOT = iphoneos;
				SWIFT_ACTIVE_COMPILATION_CONDITIONS = DEBUG;
				SWIFT_OPTIMIZATION_LEVEL = "-Onone";
			};
			name = Debug;
		};
		3D2282A12A01564B00146B4B /* Release */ = {
			isa = XCBuildConfiguration;
			buildSettings = {
				ALWAYS_SEARCH_USER_PATHS = NO;
				CLANG_ANALYZER_NONNULL = YES;
				CLANG_ANALYZER_NUMBER_OBJECT_CONVERSION = YES_AGGRESSIVE;
				CLANG_CXX_LANGUAGE_STANDARD = "gnu++20";
				CLANG_ENABLE_MODULES = YES;
				CLANG_ENABLE_OBJC_ARC = YES;
				CLANG_ENABLE_OBJC_WEAK = YES;
				CLANG_WARN_BLOCK_CAPTURE_AUTORELEASING = YES;
				CLANG_WARN_BOOL_CONVERSION = YES;
				CLANG_WARN_COMMA = YES;
				CLANG_WARN_CONSTANT_CONVERSION = YES;
				CLANG_WARN_DEPRECATED_OBJC_IMPLEMENTATIONS = YES;
				CLANG_WARN_DIRECT_OBJC_ISA_USAGE = YES_ERROR;
				CLANG_WARN_DOCUMENTATION_COMMENTS = YES;
				CLANG_WARN_EMPTY_BODY = YES;
				CLANG_WARN_ENUM_CONVERSION = YES;
				CLANG_WARN_INFINITE_RECURSION = YES;
				CLANG_WARN_INT_CONVERSION = YES;
				CLANG_WARN_NON_LITERAL_NULL_CONVERSION = YES;
				CLANG_WARN_OBJC_IMPLICIT_RETAIN_SELF = YES;
				CLANG_WARN_OBJC_LITERAL_CONVERSION = YES;
				CLANG_WARN_OBJC_ROOT_CLASS = YES_ERROR;
				CLANG_WARN_QUOTED_INCLUDE_IN_FRAMEWORK_HEADER = YES;
				CLANG_WARN_RANGE_LOOP_ANALYSIS = YES;
				CLANG_WARN_STRICT_PROTOTYPES = YES;
				CLANG_WARN_SUSPICIOUS_MOVE = YES;
				CLANG_WARN_UNGUARDED_AVAILABILITY = YES_AGGRESSIVE;
				CLANG_WARN_UNREACHABLE_CODE = YES;
				CLANG_WARN__DUPLICATE_METHOD_MATCH = YES;
				COPY_PHASE_STRIP = NO;
				DEBUG_INFORMATION_FORMAT = "dwarf-with-dsym";
				ENABLE_NS_ASSERTIONS = NO;
				ENABLE_STRICT_OBJC_MSGSEND = YES;
				GCC_C_LANGUAGE_STANDARD = gnu11;
				GCC_NO_COMMON_BLOCKS = YES;
				GCC_WARN_64_TO_32_BIT_CONVERSION = YES;
				GCC_WARN_ABOUT_RETURN_TYPE = YES_ERROR;
				GCC_WARN_UNDECLARED_SELECTOR = YES;
				GCC_WARN_UNINITIALIZED_AUTOS = YES_AGGRESSIVE;
				GCC_WARN_UNUSED_FUNCTION = YES;
				GCC_WARN_UNUSED_VARIABLE = YES;
				IPHONEOS_DEPLOYMENT_TARGET = 16.4;
				MTL_ENABLE_DEBUG_INFO = NO;
				MTL_FAST_MATH = YES;
				SDKROOT = iphoneos;
				SWIFT_COMPILATION_MODE = wholemodule;
				SWIFT_OPTIMIZATION_LEVEL = "-O";
				VALIDATE_PRODUCT = YES;
			};
			name = Release;
		};
		3D2282A32A01564B00146B4B /* Debug */ = {
			isa = XCBuildConfiguration;
			buildSettings = {
				ASSETCATALOG_COMPILER_APPICON_NAME = AppIcon;
				ASSETCATALOG_COMPILER_GLOBAL_ACCENT_COLOR_NAME = AccentColor;
				CODE_SIGN_STYLE = Automatic;
				CURRENT_PROJECT_VERSION = 1;
				DEVELOPMENT_ASSET_PATHS = "\"iMessageClone/Preview Content\"";
				ENABLE_PREVIEWS = YES;
				GENERATE_INFOPLIST_FILE = YES;
				INFOPLIST_KEY_UIApplicationSceneManifest_Generation = YES;
				INFOPLIST_KEY_UIApplicationSupportsIndirectInputEvents = YES;
				INFOPLIST_KEY_UILaunchScreen_Generation = YES;
				INFOPLIST_KEY_UISupportedInterfaceOrientations_iPad = "UIInterfaceOrientationPortrait UIInterfaceOrientationPortraitUpsideDown UIInterfaceOrientationLandscapeLeft UIInterfaceOrientationLandscapeRight";
				INFOPLIST_KEY_UISupportedInterfaceOrientations_iPhone = "UIInterfaceOrientationPortrait UIInterfaceOrientationLandscapeLeft UIInterfaceOrientationLandscapeRight";
				LD_RUNPATH_SEARCH_PATHS = (
					"$(inherited)",
					"@executable_path/Frameworks",
				);
				MARKETING_VERSION = 1.0;
				PRODUCT_BUNDLE_IDENTIFIER = com.taghavi.iMessageClone;
				PRODUCT_NAME = "$(TARGET_NAME)";
				SWIFT_EMIT_LOC_STRINGS = YES;
				SWIFT_VERSION = 5.0;
				TARGETED_DEVICE_FAMILY = "1,2";
			};
			name = Debug;
		};
		3D2282A42A01564B00146B4B /* Release */ = {
			isa = XCBuildConfiguration;
			buildSettings = {
				ASSETCATALOG_COMPILER_APPICON_NAME = AppIcon;
				ASSETCATALOG_COMPILER_GLOBAL_ACCENT_COLOR_NAME = AccentColor;
				CODE_SIGN_STYLE = Automatic;
				CURRENT_PROJECT_VERSION = 1;
				DEVELOPMENT_ASSET_PATHS = "\"iMessageClone/Preview Content\"";
				ENABLE_PREVIEWS = YES;
				GENERATE_INFOPLIST_FILE = YES;
				INFOPLIST_KEY_UIApplicationSceneManifest_Generation = YES;
				INFOPLIST_KEY_UIApplicationSupportsIndirectInputEvents = YES;
				INFOPLIST_KEY_UILaunchScreen_Generation = YES;
				INFOPLIST_KEY_UISupportedInterfaceOrientations_iPad = "UIInterfaceOrientationPortrait UIInterfaceOrientationPortraitUpsideDown UIInterfaceOrientationLandscapeLeft UIInterfaceOrientationLandscapeRight";
				INFOPLIST_KEY_UISupportedInterfaceOrientations_iPhone = "UIInterfaceOrientationPortrait UIInterfaceOrientationLandscapeLeft UIInterfaceOrientationLandscapeRight";
				LD_RUNPATH_SEARCH_PATHS = (
					"$(inherited)",
					"@executable_path/Frameworks",
				);
				MARKETING_VERSION = 1.0;
				PRODUCT_BUNDLE_IDENTIFIER = com.taghavi.iMessageClone;
				PRODUCT_NAME = "$(TARGET_NAME)";
				SWIFT_EMIT_LOC_STRINGS = YES;
				SWIFT_VERSION = 5.0;
				TARGETED_DEVICE_FAMILY = "1,2";
			};
			name = Release;
		};
/* End XCBuildConfiguration section */

/* Begin XCConfigurationList section */
		3D22828F2A01564A00146B4B /* Build configuration list for PBXProject "iMessageClone" */ = {
			isa = XCConfigurationList;
			buildConfigurations = (
				3D2282A02A01564B00146B4B /* Debug */,
				3D2282A12A01564B00146B4B /* Release */,
			);
			defaultConfigurationIsVisible = 0;
			defaultConfigurationName = Release;
		};
		3D2282A22A01564B00146B4B /* Build configuration list for PBXNativeTarget "iMessageClone" */ = {
			isa = XCConfigurationList;
			buildConfigurations = (
				3D2282A32A01564B00146B4B /* Debug */,
				3D2282A42A01564B00146B4B /* Release */,
			);
			defaultConfigurationIsVisible = 0;
			defaultConfigurationName = Release;
		};
/* End XCConfigurationList section */

/* Begin XCRemoteSwiftPackageReference section */
		3D2282A52A01587E00146B4B /* XCRemoteSwiftPackageReference "stream-chat-swiftui" */ = {
			isa = XCRemoteSwiftPackageReference;
			repositoryURL = "https://github.com/GetStream/stream-chat-swiftui";
			requirement = {
				branch = main;
				kind = branch;
			};
		};
/* End XCRemoteSwiftPackageReference section */

/* Begin XCSwiftPackageProductDependency section */
		3D2282A62A01587E00146B4B /* StreamChatSwiftUI */ = {
			isa = XCSwiftPackageProductDependency;
			package = 3D2282A52A01587E00146B4B /* XCRemoteSwiftPackageReference "stream-chat-swiftui" */;
			productName = StreamChatSwiftUI;
		};
/* End XCSwiftPackageProductDependency section */
	};
	rootObject = 3D22828C2A01564A00146B4B /* Project object */;
}
